
Microsoft Visual Studio Solution File, Format Version 12.00
# Visual Studio Version 16
VisualStudioVersion = 16.0.30621.155
MinimumVisualStudioVersion = 10.0.40219.1
Project("{8BC9CEB8-8B4A-11D0-8D11-00A0C91BC942}") = "BinaryTree", "BinaryTree.vcxproj", "{E321B313-6CAB-4BEB-BEC8-B7B65DDD2545}"
EndProject
Global
	GlobalSection(SolutionConfigurationPlatforms) = preSolution
		Debug|x64 = Debug|x64
		Debug|x86 = Debug|x86
		Release|x64 = Release|x64
		Release|x86 = Release|x86
	EndGlobalSection
	GlobalSection(ProjectConfigurationPlatforms) = postSolution
		{E321B313-6CAB-4BEB-BEC8-B7B65DDD2545}.Debug|x64.ActiveCfg = Debug|x64
		{E321B313-6CAB-4BEB-BEC8-B7B65DDD2545}.Debug|x64.Build.0 = Debug|x64
		{E321B313-6CAB-4BEB-BEC8-B7B65DDD2545}.Debug|x86.ActiveCfg = Debug|Win32
		{E321B313-6CAB-4BEB-BEC8-B7B65DDD2545}.Debug|x86.Build.0 = Debug|Win32
		{E321B313-6CAB-4BEB-BEC8-B7B65DDD2545}.Release|x64.ActiveCfg = Release|x64
		{E321B313-6CAB-4BEB-BEC8-B7B65DDD2545}.Release|x64.Build.0 = Release|x64
		{E321B313-6CAB-4BEB-BEC8-B7B65DDD2545}.Release|x86.ActiveCfg = Release|Win32
		{E321B313-6CAB-4BEB-BEC8-B7B65DDD2545}.Release|x86.Build.0 = Release|Win32
	EndGlobalSection
	GlobalSection(SolutionProperties) = preSolution
		HideSolutionNode = FALSE
	EndGlobalSection
	GlobalSection(ExtensibilityGlobals) = postSolution
		SolutionGuid = {CB038746-3F60-4D09-B41F-B9418C7DD69E}
	EndGlobalSection
EndGlobal
